
Microsoft Visual Studio Solution File, Format Version 12.00
# Visual Studio Version 17
VisualStudioVersion = 17.4.33213.308
MinimumVisualStudioVersion = 10.0.40219.1
Project("{FAE04EC0-301F-11D3-BF4B-00C04F79EFBC}") = "ZTMApiAccess", "ZTMApiAccess\ZTMApiAccess.csproj", "{45D24A2B-AB60-4293-A9FF-287C1D5478CD}"
EndProject
Global
	GlobalSection(SolutionConfigurationPlatforms) = preSolution
		Debug|Any CPU = Debug|Any CPU
		Release|Any CPU = Release|Any CPU
	EndGlobalSection
	GlobalSection(ProjectConfigurationPlatforms) = postSolution
		{45D24A2B-AB60-4293-A9FF-287C1D5478CD}.Debug|Any CPU.ActiveCfg = Debug|Any CPU
		{45D24A2B-AB60-4293-A9FF-287C1D5478CD}.Debug|Any CPU.Build.0 = Debug|Any CPU
		{45D24A2B-AB60-4293-A9FF-287C1D5478CD}.Release|Any CPU.ActiveCfg = Release|Any CPU
		{45D24A2B-AB60-4293-A9FF-287C1D5478CD}.Release|Any CPU.Build.0 = Release|Any CPU
	EndGlobalSection
	GlobalSection(SolutionProperties) = preSolution
		HideSolutionNode = FALSE
	EndGlobalSection
	GlobalSection(ExtensibilityGlobals) = postSolution
		SolutionGuid = {4EA28B6E-8953-4F07-B873-593B8D516E1F}
	EndGlobalSection
EndGlobal
